// !$*UTF8*$!
{
	archiveVersion = 1;
	classes = {
	};
	objectVersion = 55;
	objects = {

/* Begin PBXAggregateTarget section */
		EB4ED58B2840FB1D00217953 /* Stdlib+Language */ = {
			isa = PBXAggregateTarget;
			buildConfigurationList = EB4ED58C2840FB1D00217953 /* Build configuration list for PBXAggregateTarget "Stdlib+Language" */;
			buildPhases = (
			);
			dependencies = (
				EB4ED5922840FBD200217953 /* PBXTargetDependency */,
				EB4ED5902840FBCE00217953 /* PBXTargetDependency */,
			);
			name = "Stdlib+Language";
			productName = "Stdlib+Language";
		};
/* End PBXAggregateTarget section */

/* Begin PBXContainerItemProxy section */
		EB4ED58F2840FBCE00217953 /* PBXContainerItemProxy */ = {
			isa = PBXContainerItemProxy;
			containerPortal = EBF4E14E2840F72700217953 /* Project object */;
			proxyType = 1;
			remoteGlobalIDString = EB4ED5832840FABF00217953;
			remoteInfo = "Standard Library";
		};
		EB4ED5912840FBD200217953 /* PBXContainerItemProxy */ = {
			isa = PBXContainerItemProxy;
			containerPortal = EBF4E14E2840F72700217953 /* Project object */;
			proxyType = 1;
			remoteGlobalIDString = EB4ED5872840FAFB00217953;
			remoteInfo = "Core Language";
		};
/* End PBXContainerItemProxy section */

/* Begin PBXFileReference section */
		EBF4E1582840F7C400217953 /* README.md */ = {isa = PBXFileReference; lastKnownFileType = net.daringfireball.markdown; path = README.md; sourceTree = "<group>"; };
		EBF4E1592840F7C400217953 /* Makefile */ = {isa = PBXFileReference; lastKnownFileType = sourcecode.make; path = Makefile; sourceTree = "<group>"; };
		EBF4E15A2840F7C400217953 /* build */ = {isa = PBXFileReference; lastKnownFileType = folder; path = build; sourceTree = "<group>"; };
		EBF4E15B2840F7C400217953 /* libmeow */ = {isa = PBXFileReference; lastKnownFileType = folder; path = libmeow; sourceTree = "<group>"; };
		EBF4E15C2840F7C400217953 /* default.nix */ = {isa = PBXFileReference; lastKnownFileType = text; path = default.nix; sourceTree = "<group>"; };
		EBF4E15D2840F7C400217953 /* meowlang */ = {isa = PBXFileReference; lastKnownFileType = folder; path = meowlang; sourceTree = "<group>"; };
		EBF4E15E2840F7C400217953 /* LICENSE */ = {isa = PBXFileReference; lastKnownFileType = text; path = LICENSE; sourceTree = "<group>"; };
		EBF4E15F2840F7C400217953 /* shell.nix */ = {isa = PBXFileReference; lastKnownFileType = text; path = shell.nix; sourceTree = "<group>"; };
/* End PBXFileReference section */

/* Begin PBXGroup section */
		EBF4E14D2840F72700217953 = {
			isa = PBXGroup;
			children = (
				EBF4E15A2840F7C400217953 /* build */,
				EBF4E15C2840F7C400217953 /* default.nix */,
				EBF4E15B2840F7C400217953 /* libmeow */,
				EBF4E15E2840F7C400217953 /* LICENSE */,
				EBF4E1592840F7C400217953 /* Makefile */,
				EBF4E15D2840F7C400217953 /* meowlang */,
				EBF4E1582840F7C400217953 /* README.md */,
				EBF4E15F2840F7C400217953 /* shell.nix */,
			);
			sourceTree = "<group>";
		};
/* End PBXGroup section */

/* Begin PBXLegacyTarget section */
		EB4ED5832840FABF00217953 /* Standard Library */ = {
			isa = PBXLegacyTarget;
			buildArgumentsString = "--command \"make lib\"";
			buildConfigurationList = EB4ED5842840FABF00217953 /* Build configuration list for PBXLegacyTarget "Standard Library" */;
			buildPhases = (
			);
			buildToolPath = "/run/current-system/sw/bin/nix-shell";
			buildWorkingDirectory = "";
			dependencies = (
			);
			name = "Standard Library";
			passBuildSettingsInEnvironment = 1;
			productName = meow;
		};
		EB4ED5872840FAFB00217953 /* Core Language */ = {
			isa = PBXLegacyTarget;
			buildArgumentsString = "--command \"make lang\"";
			buildConfigurationList = EB4ED5882840FAFB00217953 /* Build configuration list for PBXLegacyTarget "Core Language" */;
			buildPhases = (
			);
			buildToolPath = "/run/current-system/sw/bin/nix-shell";
			buildWorkingDirectory = "";
			dependencies = (
			);
			name = "Core Language";
			passBuildSettingsInEnvironment = 1;
			productName = meow;
		};
/* End PBXLegacyTarget section */

/* Begin PBXProject section */
		EBF4E14E2840F72700217953 /* Project object */ = {
			isa = PBXProject;
			attributes = {
				BuildIndependentTargetsInParallel = 1;
				LastUpgradeCheck = 1320;
				TargetAttributes = {
					EB4ED5832840FABF00217953 = {
						CreatedOnToolsVersion = 13.2.1;
					};
					EB4ED58B2840FB1D00217953 = {
						CreatedOnToolsVersion = 13.2.1;
					};
				};
			};
			buildConfigurationList = EBF4E1512840F72700217953 /* Build configuration list for PBXProject "meowlang" */;
			compatibilityVersion = "Xcode 13.0";
			developmentRegion = en;
			hasScannedForEncodings = 0;
			knownRegions = (
				en,
				Base,
			);
			mainGroup = EBF4E14D2840F72700217953;
			projectDirPath = "";
			projectRoot = "";
			targets = (
				EB4ED5832840FABF00217953 /* Standard Library */,
				EB4ED5872840FAFB00217953 /* Core Language */,
				EB4ED58B2840FB1D00217953 /* Stdlib+Language */,
			);
		};
/* End PBXProject section */

/* Begin PBXTargetDependency section */
		EB4ED5902840FBCE00217953 /* PBXTargetDependency */ = {
			isa = PBXTargetDependency;
			target = EB4ED5832840FABF00217953 /* Standard Library */;
			targetProxy = EB4ED58F2840FBCE00217953 /* PBXContainerItemProxy */;
		};
		EB4ED5922840FBD200217953 /* PBXTargetDependency */ = {
			isa = PBXTargetDependency;
			target = EB4ED5872840FAFB00217953 /* Core Language */;
			targetProxy = EB4ED5912840FBD200217953 /* PBXContainerItemProxy */;
		};
/* End PBXTargetDependency section */

/* Begin XCBuildConfiguration section */
		EB4ED5852840FABF00217953 /* Debug */ = {
			isa = XCBuildConfiguration;
			buildSettings = {
				CLANG_CXX_LANGUAGE_STANDARD = "c++20";
				CODE_SIGN_STYLE = Automatic;
				DEBUGGING_SYMBOLS = YES;
				DEBUG_INFORMATION_FORMAT = dwarf;
				DEVELOPMENT_TEAM = UN964XDAH7;
				GCC_C_LANGUAGE_STANDARD = c11;
				GCC_GENERATE_DEBUGGING_SYMBOLS = YES;
				GCC_OPTIMIZATION_LEVEL = 0;
				OTHER_CFLAGS = "";
				OTHER_LDFLAGS = "";
				PRODUCT_NAME = "$(TARGET_NAME)";
			};
			name = Debug;
		};
		EB4ED5862840FABF00217953 /* Release */ = {
			isa = XCBuildConfiguration;
			buildSettings = {
				CLANG_CXX_LANGUAGE_STANDARD = "c++20";
				CODE_SIGN_STYLE = Automatic;
				DEBUG_INFORMATION_FORMAT = "dwarf-with-dsym";
				DEVELOPMENT_TEAM = UN964XDAH7;
				GCC_C_LANGUAGE_STANDARD = c11;
				OTHER_CFLAGS = "";
				OTHER_LDFLAGS = "";
				PRODUCT_NAME = "$(TARGET_NAME)";
			};
			name = Release;
		};
		EB4ED5892840FAFB00217953 /* Debug */ = {
			isa = XCBuildConfiguration;
			buildSettings = {
				CLANG_CXX_LANGUAGE_STANDARD = "c++20";
				CODE_SIGN_STYLE = Automatic;
				DEBUGGING_SYMBOLS = YES;
				DEBUG_INFORMATION_FORMAT = dwarf;
				DEVELOPMENT_TEAM = UN964XDAH7;
				GCC_C_LANGUAGE_STANDARD = c11;
				GCC_GENERATE_DEBUGGING_SYMBOLS = YES;
				GCC_OPTIMIZATION_LEVEL = 0;
				OTHER_CFLAGS = "";
				OTHER_LDFLAGS = "";
				PRODUCT_NAME = "$(TARGET_NAME)";
			};
			name = Debug;
		};
		EB4ED58A2840FAFB00217953 /* Release */ = {
			isa = XCBuildConfiguration;
			buildSettings = {
				CLANG_CXX_LANGUAGE_STANDARD = "c++20";
				CODE_SIGN_STYLE = Automatic;
				DEBUG_INFORMATION_FORMAT = "dwarf-with-dsym";
				DEVELOPMENT_TEAM = UN964XDAH7;
				GCC_C_LANGUAGE_STANDARD = c11;
				OTHER_CFLAGS = "";
				OTHER_LDFLAGS = "";
				PRODUCT_NAME = "$(TARGET_NAME)";
			};
			name = Release;
		};
		EB4ED58D2840FB1D00217953 /* Debug */ = {
			isa = XCBuildConfiguration;
			buildSettings = {
				CODE_SIGN_STYLE = Automatic;
				CURRENT_PROJECT_VERSION = 0.0.1;
				DEVELOPMENT_TEAM = UN964XDAH7;
				GCC_C_LANGUAGE_STANDARD = c11;
				PRODUCT_NAME = "$(TARGET_NAME)";
				VERSIONING_SYSTEM = "apple-generic";
				VERSION_INFO_SUFFIX = toy;
			};
			name = Debug;
		};
		EB4ED58E2840FB1D00217953 /* Release */ = {
			isa = XCBuildConfiguration;
			buildSettings = {
				CODE_SIGN_STYLE = Automatic;
				CURRENT_PROJECT_VERSION = 0.0.1;
				DEVELOPMENT_TEAM = UN964XDAH7;
				GCC_C_LANGUAGE_STANDARD = c11;
				PRODUCT_NAME = "$(TARGET_NAME)";
				VERSIONING_SYSTEM = "apple-generic";
				VERSION_INFO_SUFFIX = toy;
			};
			name = Release;
		};
		EBF4E1532840F72700217953 /* Debug */ = {
			isa = XCBuildConfiguration;
			buildSettings = {
				ALWAYS_SEARCH_USER_PATHS = NO;
				CLANG_ANALYZER_NONNULL = YES;
				CLANG_ANALYZER_NUMBER_OBJECT_CONVERSION = YES_AGGRESSIVE;
				CLANG_CXX_LANGUAGE_STANDARD = "c++20";
				CLANG_CXX_LIBRARY = "libc++";
				CLANG_ENABLE_MODULES = YES;
				CLANG_ENABLE_OBJC_ARC = YES;
				CLANG_ENABLE_OBJC_WEAK = YES;
				CLANG_WARN_BLOCK_CAPTURE_AUTORELEASING = YES;
				CLANG_WARN_BOOL_CONVERSION = YES;
				CLANG_WARN_COMMA = YES;
				CLANG_WARN_CONSTANT_CONVERSION = YES;
				CLANG_WARN_DEPRECATED_OBJC_IMPLEMENTATIONS = YES;
				CLANG_WARN_DIRECT_OBJC_ISA_USAGE = YES_ERROR;
				CLANG_WARN_DOCUMENTATION_COMMENTS = YES;
				CLANG_WARN_EMPTY_BODY = YES;
				CLANG_WARN_ENUM_CONVERSION = YES;
				CLANG_WARN_INFINITE_RECURSION = YES;
				CLANG_WARN_INT_CONVERSION = YES;
				CLANG_WARN_NON_LITERAL_NULL_CONVERSION = YES;
				CLANG_WARN_OBJC_IMPLICIT_RETAIN_SELF = YES;
				CLANG_WARN_OBJC_LITERAL_CONVERSION = YES;
				CLANG_WARN_OBJC_ROOT_CLASS = YES_ERROR;
				CLANG_WARN_QUOTED_INCLUDE_IN_FRAMEWORK_HEADER = YES;
				CLANG_WARN_RANGE_LOOP_ANALYSIS = YES;
				CLANG_WARN_STRICT_PROTOTYPES = YES;
				CLANG_WARN_SUSPICIOUS_MOVE = YES;
				CLANG_WARN_UNGUARDED_AVAILABILITY = YES_AGGRESSIVE;
				CLANG_WARN_UNREACHABLE_CODE = YES;
				CLANG_WARN__DUPLICATE_METHOD_MATCH = YES;
				COPY_PHASE_STRIP = NO;
				DEBUG_INFORMATION_FORMAT = dwarf;
				ENABLE_STRICT_OBJC_MSGSEND = YES;
				ENABLE_TESTABILITY = YES;
				GCC_C_LANGUAGE_STANDARD = gnu11;
				GCC_DYNAMIC_NO_PIC = NO;
				GCC_NO_COMMON_BLOCKS = YES;
				GCC_OPTIMIZATION_LEVEL = 0;
				GCC_PREPROCESSOR_DEFINITIONS = (
					"DEBUG=1",
					"$(inherited)",
				);
				GCC_WARN_64_TO_32_BIT_CONVERSION = YES;
				GCC_WARN_ABOUT_RETURN_TYPE = YES_ERROR;
				GCC_WARN_UNDECLARED_SELECTOR = YES;
				GCC_WARN_UNINITIALIZED_AUTOS = YES_AGGRESSIVE;
				GCC_WARN_UNUSED_FUNCTION = YES;
				GCC_WARN_UNUSED_VARIABLE = YES;
				MTL_ENABLE_DEBUG_INFO = INCLUDE_SOURCE;
				MTL_FAST_MATH = YES;
				ONLY_ACTIVE_ARCH = YES;
			};
			name = Debug;
		};
		EBF4E1542840F72700217953 /* Release */ = {
			isa = XCBuildConfiguration;
			buildSettings = {
				ALWAYS_SEARCH_USER_PATHS = NO;
				CLANG_ANALYZER_NONNULL = YES;
				CLANG_ANALYZER_NUMBER_OBJECT_CONVERSION = YES_AGGRESSIVE;
				CLANG_CXX_LANGUAGE_STANDARD = "c++20";
				CLANG_CXX_LIBRARY = "libc++";
				CLANG_ENABLE_MODULES = YES;
				CLANG_ENABLE_OBJC_ARC = YES;
				CLANG_ENABLE_OBJC_WEAK = YES;
				CLANG_WARN_BLOCK_CAPTURE_AUTORELEASING = YES;
				CLANG_WARN_BOOL_CONVERSION = YES;
				CLANG_WARN_COMMA = YES;
				CLANG_WARN_CONSTANT_CONVERSION = YES;
				CLANG_WARN_DEPRECATED_OBJC_IMPLEMENTATIONS = YES;
				CLANG_WARN_DIRECT_OBJC_ISA_USAGE = YES_ERROR;
				CLANG_WARN_DOCUMENTATION_COMMENTS = YES;
				CLANG_WARN_EMPTY_BODY = YES;
				CLANG_WARN_ENUM_CONVERSION = YES;
				CLANG_WARN_INFINITE_RECURSION = YES;
				CLANG_WARN_INT_CONVERSION = YES;
				CLANG_WARN_NON_LITERAL_NULL_CONVERSION = YES;
				CLANG_WARN_OBJC_IMPLICIT_RETAIN_SELF = YES;
				CLANG_WARN_OBJC_LITERAL_CONVERSION = YES;
				CLANG_WARN_OBJC_ROOT_CLASS = YES_ERROR;
				CLANG_WARN_QUOTED_INCLUDE_IN_FRAMEWORK_HEADER = YES;
				CLANG_WARN_RANGE_LOOP_ANALYSIS = YES;
				CLANG_WARN_STRICT_PROTOTYPES = YES;
				CLANG_WARN_SUSPICIOUS_MOVE = YES;
				CLANG_WARN_UNGUARDED_AVAILABILITY = YES_AGGRESSIVE;
				CLANG_WARN_UNREACHABLE_CODE = YES;
				CLANG_WARN__DUPLICATE_METHOD_MATCH = YES;
				COPY_PHASE_STRIP = NO;
				DEBUG_INFORMATION_FORMAT = "dwarf-with-dsym";
				ENABLE_NS_ASSERTIONS = NO;
				ENABLE_STRICT_OBJC_MSGSEND = YES;
				GCC_C_LANGUAGE_STANDARD = gnu11;
				GCC_NO_COMMON_BLOCKS = YES;
				GCC_WARN_64_TO_32_BIT_CONVERSION = YES;
				GCC_WARN_ABOUT_RETURN_TYPE = YES_ERROR;
				GCC_WARN_UNDECLARED_SELECTOR = YES;
				GCC_WARN_UNINITIALIZED_AUTOS = YES_AGGRESSIVE;
				GCC_WARN_UNUSED_FUNCTION = YES;
				GCC_WARN_UNUSED_VARIABLE = YES;
				MTL_ENABLE_DEBUG_INFO = NO;
				MTL_FAST_MATH = YES;
			};
			name = Release;
		};
/* End XCBuildConfiguration section */

/* Begin XCConfigurationList section */
		EB4ED5842840FABF00217953 /* Build configuration list for PBXLegacyTarget "Standard Library" */ = {
			isa = XCConfigurationList;
			buildConfigurations = (
				EB4ED5852840FABF00217953 /* Debug */,
				EB4ED5862840FABF00217953 /* Release */,
			);
			defaultConfigurationIsVisible = 0;
			defaultConfigurationName = Release;
		};
		EB4ED5882840FAFB00217953 /* Build configuration list for PBXLegacyTarget "Core Language" */ = {
			isa = XCConfigurationList;
			buildConfigurations = (
				EB4ED5892840FAFB00217953 /* Debug */,
				EB4ED58A2840FAFB00217953 /* Release */,
			);
			defaultConfigurationIsVisible = 0;
			defaultConfigurationName = Release;
		};
		EB4ED58C2840FB1D00217953 /* Build configuration list for PBXAggregateTarget "Stdlib+Language" */ = {
			isa = XCConfigurationList;
			buildConfigurations = (
				EB4ED58D2840FB1D00217953 /* Debug */,
				EB4ED58E2840FB1D00217953 /* Release */,
			);
			defaultConfigurationIsVisible = 0;
			defaultConfigurationName = Release;
		};
		EBF4E1512840F72700217953 /* Build configuration list for PBXProject "meowlang" */ = {
			isa = XCConfigurationList;
			buildConfigurations = (
				EBF4E1532840F72700217953 /* Debug */,
				EBF4E1542840F72700217953 /* Release */,
			);
			defaultConfigurationIsVisible = 0;
			defaultConfigurationName = Release;
		};
/* End XCConfigurationList section */
	};
	rootObject = EBF4E14E2840F72700217953 /* Project object */;
}
